
Microsoft Visual Studio Solution File, Format Version 12.00
# Visual Studio Version 16
VisualStudioVersion = 16.0.31019.35
MinimumVisualStudioVersion = 10.0.40219.1
Project("{FAE04EC0-301F-11D3-BF4B-00C04F79EFBC}") = "DISample", "DISample.csproj", "{F7F854E1-2A63-4736-A6B7-E768F265F3DE}"
EndProject
Project("{2150E333-8FDC-42A3-9474-1A3956D46DE8}") = "01.Services", "01.Services", "{6DC7CD8B-43CE-4D6F-9C1E-32C82586C7AC}"
EndProject
Project("{2150E333-8FDC-42A3-9474-1A3956D46DE8}") = "02.Business", "02.Business", "{BF08BD49-DA49-44CA-BC8B-B54561F5F523}"
EndProject
Project("{2150E333-8FDC-42A3-9474-1A3956D46DE8}") = "03.DataResources", "03.DataResources", "{3E5F4355-F5EA-4DE5-8CE7-2EF7F81F2121}"
EndProject
Project("{2150E333-8FDC-42A3-9474-1A3956D46DE8}") = "05.Tests", "05.Tests", "{3C38F6FB-5475-450B-9B7E-12DD978FDA4D}"
EndProject
Project("{FAE04EC0-301F-11D3-BF4B-00C04F79EFBC}") = "DAL.Contracts", "..\DAL.Contracts\DAL.Contracts.csproj", "{D6EF0265-1E7D-4885-A55F-32A6ED4C8D06}"
EndProject
Project("{FAE04EC0-301F-11D3-BF4B-00C04F79EFBC}") = "DAL", "..\DAL\DAL.csproj", "{27B47E29-2200-45C8-9B6B-3D97D5E3BFBB}"
EndProject
Project("{FAE04EC0-301F-11D3-BF4B-00C04F79EFBC}") = "BL.Contracts", "..\BL.Contracts\BL.Contracts.csproj", "{F1A6967B-00AD-4F84-8455-768428B3A759}"
EndProject
Project("{FAE04EC0-301F-11D3-BF4B-00C04F79EFBC}") = "BL", "..\BL\BL.csproj", "{16743FD8-0F9B-4075-9E4A-047898F4583E}"
EndProject
Project("{2150E333-8FDC-42A3-9474-1A3956D46DE8}") = "04.Infrastructure", "04.Infrastructure", "{D1CCB4B6-43D1-4799-ADAF-0A1A418078F0}"
EndProject
Project("{FAE04EC0-301F-11D3-BF4B-00C04F79EFBC}") = "Entities", "..\Entities\Entities.csproj", "{24794B89-06F2-4ED8-8009-48DC2E29EE67}"
EndProject
Project("{FAE04EC0-301F-11D3-BF4B-00C04F79EFBC}") = "API", "..\API\API.csproj", "{0A145F7D-B409-48E1-934A-70D03809082C}"
EndProject
Project("{FAE04EC0-301F-11D3-BF4B-00C04F79EFBC}") = "Common", "..\Common\Common.csproj", "{2DAD74FF-1F91-4E1E-807A-98EB864CD052}"
EndProject
Project("{FAE04EC0-301F-11D3-BF4B-00C04F79EFBC}") = "DTO", "..\DTO\DTO.csproj", "{C33ED006-C1DD-4CAE-BFC0-658D4CE45856}"
EndProject
Project("{FAE04EC0-301F-11D3-BF4B-00C04F79EFBC}") = "OrderSampleTests", "..\OrderSampleTests\OrderSampleTests.csproj", "{95ACFD96-4598-4251-B0FE-52389F85B203}"
EndProject
Global
	GlobalSection(SolutionConfigurationPlatforms) = preSolution
		Debug|Any CPU = Debug|Any CPU
		Release|Any CPU = Release|Any CPU
	EndGlobalSection
	GlobalSection(ProjectConfigurationPlatforms) = postSolution
		{F7F854E1-2A63-4736-A6B7-E768F265F3DE}.Debug|Any CPU.ActiveCfg = Debug|Any CPU
		{F7F854E1-2A63-4736-A6B7-E768F265F3DE}.Debug|Any CPU.Build.0 = Debug|Any CPU
		{F7F854E1-2A63-4736-A6B7-E768F265F3DE}.Release|Any CPU.ActiveCfg = Release|Any CPU
		{F7F854E1-2A63-4736-A6B7-E768F265F3DE}.Release|Any CPU.Build.0 = Release|Any CPU
		{D6EF0265-1E7D-4885-A55F-32A6ED4C8D06}.Debug|Any CPU.ActiveCfg = Debug|Any CPU
		{D6EF0265-1E7D-4885-A55F-32A6ED4C8D06}.Debug|Any CPU.Build.0 = Debug|Any CPU
		{D6EF0265-1E7D-4885-A55F-32A6ED4C8D06}.Release|Any CPU.ActiveCfg = Release|Any CPU
		{D6EF0265-1E7D-4885-A55F-32A6ED4C8D06}.Release|Any CPU.Build.0 = Release|Any CPU
		{27B47E29-2200-45C8-9B6B-3D97D5E3BFBB}.Debug|Any CPU.ActiveCfg = Debug|Any CPU
		{27B47E29-2200-45C8-9B6B-3D97D5E3BFBB}.Debug|Any CPU.Build.0 = Debug|Any CPU
		{27B47E29-2200-45C8-9B6B-3D97D5E3BFBB}.Release|Any CPU.ActiveCfg = Release|Any CPU
		{27B47E29-2200-45C8-9B6B-3D97D5E3BFBB}.Release|Any CPU.Build.0 = Release|Any CPU
		{F1A6967B-00AD-4F84-8455-768428B3A759}.Debug|Any CPU.ActiveCfg = Debug|Any CPU
		{F1A6967B-00AD-4F84-8455-768428B3A759}.Debug|Any CPU.Build.0 = Debug|Any CPU
		{F1A6967B-00AD-4F84-8455-768428B3A759}.Release|Any CPU.ActiveCfg = Release|Any CPU
		{F1A6967B-00AD-4F84-8455-768428B3A759}.Release|Any CPU.Build.0 = Release|Any CPU
		{16743FD8-0F9B-4075-9E4A-047898F4583E}.Debug|Any CPU.ActiveCfg = Debug|Any CPU
		{16743FD8-0F9B-4075-9E4A-047898F4583E}.Debug|Any CPU.Build.0 = Debug|Any CPU
		{16743FD8-0F9B-4075-9E4A-047898F4583E}.Release|Any CPU.ActiveCfg = Release|Any CPU
		{16743FD8-0F9B-4075-9E4A-047898F4583E}.Release|Any CPU.Build.0 = Release|Any CPU
		{24794B89-06F2-4ED8-8009-48DC2E29EE67}.Debug|Any CPU.ActiveCfg = Debug|Any CPU
		{24794B89-06F2-4ED8-8009-48DC2E29EE67}.Debug|Any CPU.Build.0 = Debug|Any CPU
		{24794B89-06F2-4ED8-8009-48DC2E29EE67}.Release|Any CPU.ActiveCfg = Release|Any CPU
		{24794B89-06F2-4ED8-8009-48DC2E29EE67}.Release|Any CPU.Build.0 = Release|Any CPU
		{0A145F7D-B409-48E1-934A-70D03809082C}.Debug|Any CPU.ActiveCfg = Debug|Any CPU
		{0A145F7D-B409-48E1-934A-70D03809082C}.Debug|Any CPU.Build.0 = Debug|Any CPU
		{0A145F7D-B409-48E1-934A-70D03809082C}.Release|Any CPU.ActiveCfg = Release|Any CPU
		{0A145F7D-B409-48E1-934A-70D03809082C}.Release|Any CPU.Build.0 = Release|Any CPU
		{2DAD74FF-1F91-4E1E-807A-98EB864CD052}.Debug|Any CPU.ActiveCfg = Debug|Any CPU
		{2DAD74FF-1F91-4E1E-807A-98EB864CD052}.Debug|Any CPU.Build.0 = Debug|Any CPU
		{2DAD74FF-1F91-4E1E-807A-98EB864CD052}.Release|Any CPU.ActiveCfg = Release|Any CPU
		{2DAD74FF-1F91-4E1E-807A-98EB864CD052}.Release|Any CPU.Build.0 = Release|Any CPU
		{C33ED006-C1DD-4CAE-BFC0-658D4CE45856}.Debug|Any CPU.ActiveCfg = Debug|Any CPU
		{C33ED006-C1DD-4CAE-BFC0-658D4CE45856}.Debug|Any CPU.Build.0 = Debug|Any CPU
		{C33ED006-C1DD-4CAE-BFC0-658D4CE45856}.Release|Any CPU.ActiveCfg = Release|Any CPU
		{C33ED006-C1DD-4CAE-BFC0-658D4CE45856}.Release|Any CPU.Build.0 = Release|Any CPU
		{95ACFD96-4598-4251-B0FE-52389F85B203}.Debug|Any CPU.ActiveCfg = Debug|Any CPU
		{95ACFD96-4598-4251-B0FE-52389F85B203}.Debug|Any CPU.Build.0 = Debug|Any CPU
		{95ACFD96-4598-4251-B0FE-52389F85B203}.Release|Any CPU.ActiveCfg = Release|Any CPU
		{95ACFD96-4598-4251-B0FE-52389F85B203}.Release|Any CPU.Build.0 = Release|Any CPU
	EndGlobalSection
	GlobalSection(SolutionProperties) = preSolution
		HideSolutionNode = FALSE
	EndGlobalSection
	GlobalSection(NestedProjects) = preSolution
		{D6EF0265-1E7D-4885-A55F-32A6ED4C8D06} = {3E5F4355-F5EA-4DE5-8CE7-2EF7F81F2121}
		{27B47E29-2200-45C8-9B6B-3D97D5E3BFBB} = {3E5F4355-F5EA-4DE5-8CE7-2EF7F81F2121}
		{F1A6967B-00AD-4F84-8455-768428B3A759} = {BF08BD49-DA49-44CA-BC8B-B54561F5F523}
		{16743FD8-0F9B-4075-9E4A-047898F4583E} = {BF08BD49-DA49-44CA-BC8B-B54561F5F523}
		{24794B89-06F2-4ED8-8009-48DC2E29EE67} = {D1CCB4B6-43D1-4799-ADAF-0A1A418078F0}
		{0A145F7D-B409-48E1-934A-70D03809082C} = {6DC7CD8B-43CE-4D6F-9C1E-32C82586C7AC}
		{2DAD74FF-1F91-4E1E-807A-98EB864CD052} = {D1CCB4B6-43D1-4799-ADAF-0A1A418078F0}
		{C33ED006-C1DD-4CAE-BFC0-658D4CE45856} = {D1CCB4B6-43D1-4799-ADAF-0A1A418078F0}
		{95ACFD96-4598-4251-B0FE-52389F85B203} = {3C38F6FB-5475-450B-9B7E-12DD978FDA4D}
	EndGlobalSection
	GlobalSection(ExtensibilityGlobals) = postSolution
		SolutionGuid = {DDAF5676-F963-43CB-9FD7-19ECD78E7669}
	EndGlobalSection
EndGlobal
